// !$*UTF8*$!
{
	archiveVersion = 1;
	classes = {
	};
	objectVersion = 50;
	objects = {

/* Begin PBXBuildFile section */
		4F42D652221B4D3100AE67D8 /* Movie.swift in Sources */ = {isa = PBXBuildFile; fileRef = 4F42D651221B4D3100AE67D8 /* Movie.swift */; };
		4FEC67FF2219CB950040684F /* AppDelegate.swift in Sources */ = {isa = PBXBuildFile; fileRef = 4FEC67FE2219CB950040684F /* AppDelegate.swift */; };
		4FEC68012219CB950040684F /* ViewController.swift in Sources */ = {isa = PBXBuildFile; fileRef = 4FEC68002219CB950040684F /* ViewController.swift */; };
		4FEC68042219CB950040684F /* Main.storyboard in Resources */ = {isa = PBXBuildFile; fileRef = 4FEC68022219CB950040684F /* Main.storyboard */; };
		4FEC68062219CB980040684F /* Assets.xcassets in Resources */ = {isa = PBXBuildFile; fileRef = 4FEC68052219CB980040684F /* Assets.xcassets */; };
		4FEC68092219CB980040684F /* LaunchScreen.storyboard in Resources */ = {isa = PBXBuildFile; fileRef = 4FEC68072219CB980040684F /* LaunchScreen.storyboard */; };
		4FEC68112219D56E0040684F /* Genre.swift in Sources */ = {isa = PBXBuildFile; fileRef = 4FEC68102219D56E0040684F /* Genre.swift */; };
		4FEC68132219D62A0040684F /* MovieNetworkHandler.swift in Sources */ = {isa = PBXBuildFile; fileRef = 4FEC68122219D62A0040684F /* MovieNetworkHandler.swift */; };
		4FEC68152219D7C30040684F /* UrlCreator.swift in Sources */ = {isa = PBXBuildFile; fileRef = 4FEC68142219D7C30040684F /* UrlCreator.swift */; };
		4FEC68172219E0380040684F /* Errors.swift in Sources */ = {isa = PBXBuildFile; fileRef = 4FEC68162219E0380040684F /* Errors.swift */; };
		4FEC68192219E6A40040684F /* DataHandler.swift in Sources */ = {isa = PBXBuildFile; fileRef = 4FEC68182219E6A40040684F /* DataHandler.swift */; };
		4FEC681C221A06340040684F /* GenreTableViewController.swift in Sources */ = {isa = PBXBuildFile; fileRef = 4FEC681B221A06340040684F /* GenreTableViewController.swift */; };
		4FEC6820221A0B2D0040684F /* GenreTableViewCell.swift in Sources */ = {isa = PBXBuildFile; fileRef = 4FEC681F221A0B2D0040684F /* GenreTableViewCell.swift */; };
/* End PBXBuildFile section */

/* Begin PBXFileReference section */
		4F42D651221B4D3100AE67D8 /* Movie.swift */ = {isa = PBXFileReference; lastKnownFileType = sourcecode.swift; path = Movie.swift; sourceTree = "<group>"; };
		4FEC67FB2219CB950040684F /* MovieNight.app */ = {isa = PBXFileReference; explicitFileType = wrapper.application; includeInIndex = 0; path = MovieNight.app; sourceTree = BUILT_PRODUCTS_DIR; };
		4FEC67FE2219CB950040684F /* AppDelegate.swift */ = {isa = PBXFileReference; lastKnownFileType = sourcecode.swift; path = AppDelegate.swift; sourceTree = "<group>"; };
		4FEC68002219CB950040684F /* ViewController.swift */ = {isa = PBXFileReference; lastKnownFileType = sourcecode.swift; path = ViewController.swift; sourceTree = "<group>"; };
		4FEC68032219CB950040684F /* Base */ = {isa = PBXFileReference; lastKnownFileType = file.storyboard; name = Base; path = Base.lproj/Main.storyboard; sourceTree = "<group>"; };
		4FEC68052219CB980040684F /* Assets.xcassets */ = {isa = PBXFileReference; lastKnownFileType = folder.assetcatalog; path = Assets.xcassets; sourceTree = "<group>"; };
		4FEC68082219CB980040684F /* Base */ = {isa = PBXFileReference; lastKnownFileType = file.storyboard; name = Base; path = Base.lproj/LaunchScreen.storyboard; sourceTree = "<group>"; };
		4FEC680A2219CB980040684F /* Info.plist */ = {isa = PBXFileReference; lastKnownFileType = text.plist.xml; path = Info.plist; sourceTree = "<group>"; };
		4FEC68102219D56E0040684F /* Genre.swift */ = {isa = PBXFileReference; lastKnownFileType = sourcecode.swift; path = Genre.swift; sourceTree = "<group>"; };
		4FEC68122219D62A0040684F /* MovieNetworkHandler.swift */ = {isa = PBXFileReference; lastKnownFileType = sourcecode.swift; path = MovieNetworkHandler.swift; sourceTree = "<group>"; };
		4FEC68142219D7C30040684F /* UrlCreator.swift */ = {isa = PBXFileReference; lastKnownFileType = sourcecode.swift; path = UrlCreator.swift; sourceTree = "<group>"; };
		4FEC68162219E0380040684F /* Errors.swift */ = {isa = PBXFileReference; lastKnownFileType = sourcecode.swift; path = Errors.swift; sourceTree = "<group>"; };
		4FEC68182219E6A40040684F /* DataHandler.swift */ = {isa = PBXFileReference; lastKnownFileType = sourcecode.swift; path = DataHandler.swift; sourceTree = "<group>"; };
		4FEC681B221A06340040684F /* GenreTableViewController.swift */ = {isa = PBXFileReference; lastKnownFileType = sourcecode.swift; path = GenreTableViewController.swift; sourceTree = "<group>"; };
		4FEC681F221A0B2D0040684F /* GenreTableViewCell.swift */ = {isa = PBXFileReference; lastKnownFileType = sourcecode.swift; path = GenreTableViewCell.swift; sourceTree = "<group>"; };
/* End PBXFileReference section */

/* Begin PBXFrameworksBuildPhase section */
		4FEC67F82219CB950040684F /* Frameworks */ = {
			isa = PBXFrameworksBuildPhase;
			buildActionMask = 2147483647;
			files = (
			);
			runOnlyForDeploymentPostprocessing = 0;
		};
/* End PBXFrameworksBuildPhase section */

/* Begin PBXGroup section */
		4FEC67F22219CB950040684F = {
			isa = PBXGroup;
			children = (
				4FEC67FD2219CB950040684F /* MovieNight */,
				4FEC67FC2219CB950040684F /* Products */,
			);
			sourceTree = "<group>";
		};
		4FEC67FC2219CB950040684F /* Products */ = {
			isa = PBXGroup;
			children = (
				4FEC67FB2219CB950040684F /* MovieNight.app */,
			);
			name = Products;
			sourceTree = "<group>";
		};
		4FEC67FD2219CB950040684F /* MovieNight */ = {
			isa = PBXGroup;
			children = (
				4FEC681D221A0AFE0040684F /* ViewControllers */,
				4FEC67FE2219CB950040684F /* AppDelegate.swift */,
				4FEC68162219E0380040684F /* Errors.swift */,
				4FEC68182219E6A40040684F /* DataHandler.swift */,
				4FEC681A221A00E60040684F /* Networking */,
				4FEC68022219CB950040684F /* Main.storyboard */,
				4FEC68052219CB980040684F /* Assets.xcassets */,
				4FEC68072219CB980040684F /* LaunchScreen.storyboard */,
				4FEC680A2219CB980040684F /* Info.plist */,
			);
			path = MovieNight;
			sourceTree = "<group>";
		};
		4FEC681A221A00E60040684F /* Networking */ = {
			isa = PBXGroup;
			children = (
				4FEC68102219D56E0040684F /* Genre.swift */,
				4F42D651221B4D3100AE67D8 /* Movie.swift */,
				4FEC68122219D62A0040684F /* MovieNetworkHandler.swift */,
				4FEC68142219D7C30040684F /* UrlCreator.swift */,
			);
			path = Networking;
			sourceTree = "<group>";
		};
		4FEC681D221A0AFE0040684F /* ViewControllers */ = {
			isa = PBXGroup;
			children = (
				4FEC68002219CB950040684F /* ViewController.swift */,
				4FEC681E221A0B060040684F /* GenreTableView */,
			);
			path = ViewControllers;
			sourceTree = "<group>";
		};
		4FEC681E221A0B060040684F /* GenreTableView */ = {
			isa = PBXGroup;
			children = (
				4FEC681B221A06340040684F /* GenreTableViewController.swift */,
				4FEC681F221A0B2D0040684F /* GenreTableViewCell.swift */,
			);
			path = GenreTableView;
			sourceTree = "<group>";
		};
/* End PBXGroup section */

/* Begin PBXNativeTarget section */
		4FEC67FA2219CB950040684F /* MovieNight */ = {
			isa = PBXNativeTarget;
			buildConfigurationList = 4FEC680D2219CB980040684F /* Build configuration list for PBXNativeTarget "MovieNight" */;
			buildPhases = (
				4FEC67F72219CB950040684F /* Sources */,
				4FEC67F82219CB950040684F /* Frameworks */,
				4FEC67F92219CB950040684F /* Resources */,
			);
			buildRules = (
			);
			dependencies = (
			);
			name = MovieNight;
			productName = MovieNight;
			productReference = 4FEC67FB2219CB950040684F /* MovieNight.app */;
			productType = "com.apple.product-type.application";
		};
/* End PBXNativeTarget section */

/* Begin PBXProject section */
		4FEC67F32219CB950040684F /* Project object */ = {
			isa = PBXProject;
			attributes = {
				LastSwiftUpdateCheck = 0940;
				LastUpgradeCheck = 0940;
				ORGANIZATIONNAME = "Akshay Verma";
				TargetAttributes = {
					4FEC67FA2219CB950040684F = {
						CreatedOnToolsVersion = 9.4.1;
					};
				};
			};
			buildConfigurationList = 4FEC67F62219CB950040684F /* Build configuration list for PBXProject "MovieNight" */;
			compatibilityVersion = "Xcode 9.3";
			developmentRegion = en;
			hasScannedForEncodings = 0;
			knownRegions = (
				en,
				Base,
			);
			mainGroup = 4FEC67F22219CB950040684F;
			productRefGroup = 4FEC67FC2219CB950040684F /* Products */;
			projectDirPath = "";
			projectRoot = "";
			targets = (
				4FEC67FA2219CB950040684F /* MovieNight */,
			);
		};
/* End PBXProject section */

/* Begin PBXResourcesBuildPhase section */
		4FEC67F92219CB950040684F /* Resources */ = {
			isa = PBXResourcesBuildPhase;
			buildActionMask = 2147483647;
			files = (
				4FEC68092219CB980040684F /* LaunchScreen.storyboard in Resources */,
				4FEC68062219CB980040684F /* Assets.xcassets in Resources */,
				4FEC68042219CB950040684F /* Main.storyboard in Resources */,
			);
			runOnlyForDeploymentPostprocessing = 0;
		};
/* End PBXResourcesBuildPhase section */

/* Begin PBXSourcesBuildPhase section */
		4FEC67F72219CB950040684F /* Sources */ = {
			isa = PBXSourcesBuildPhase;
			buildActionMask = 2147483647;
			files = (
				4FEC68132219D62A0040684F /* MovieNetworkHandler.swift in Sources */,
				4FEC681C221A06340040684F /* GenreTableViewController.swift in Sources */,
				4FEC68192219E6A40040684F /* DataHandler.swift in Sources */,
				4FEC68172219E0380040684F /* Errors.swift in Sources */,
				4FEC68152219D7C30040684F /* UrlCreator.swift in Sources */,
				4F42D652221B4D3100AE67D8 /* Movie.swift in Sources */,
				4FEC68112219D56E0040684F /* Genre.swift in Sources */,
				4FEC68012219CB950040684F /* ViewController.swift in Sources */,
				4FEC67FF2219CB950040684F /* AppDelegate.swift in Sources */,
				4FEC6820221A0B2D0040684F /* GenreTableViewCell.swift in Sources */,
			);
			runOnlyForDeploymentPostprocessing = 0;
		};
/* End PBXSourcesBuildPhase section */

/* Begin PBXVariantGroup section */
		4FEC68022219CB950040684F /* Main.storyboard */ = {
			isa = PBXVariantGroup;
			children = (
				4FEC68032219CB950040684F /* Base */,
			);
			name = Main.storyboard;
			sourceTree = "<group>";
		};
		4FEC68072219CB980040684F /* LaunchScreen.storyboard */ = {
			isa = PBXVariantGroup;
			children = (
				4FEC68082219CB980040684F /* Base */,
			);
			name = LaunchScreen.storyboard;
			sourceTree = "<group>";
		};
/* End PBXVariantGroup section */

/* Begin XCBuildConfiguration section */
		4FEC680B2219CB980040684F /* Debug */ = {
			isa = XCBuildConfiguration;
			buildSettings = {
				ALWAYS_SEARCH_USER_PATHS = NO;
				CLANG_ANALYZER_NONNULL = YES;
				CLANG_ANALYZER_NUMBER_OBJECT_CONVERSION = YES_AGGRESSIVE;
				CLANG_CXX_LANGUAGE_STANDARD = "gnu++14";
				CLANG_CXX_LIBRARY = "libc++";
				CLANG_ENABLE_MODULES = YES;
				CLANG_ENABLE_OBJC_ARC = YES;
				CLANG_ENABLE_OBJC_WEAK = YES;
				CLANG_WARN_BLOCK_CAPTURE_AUTORELEASING = YES;
				CLANG_WARN_BOOL_CONVERSION = YES;
				CLANG_WARN_COMMA = YES;
				CLANG_WARN_CONSTANT_CONVERSION = YES;
				CLANG_WARN_DEPRECATED_OBJC_IMPLEMENTATIONS = YES;
				CLANG_WARN_DIRECT_OBJC_ISA_USAGE = YES_ERROR;
				CLANG_WARN_DOCUMENTATION_COMMENTS = YES;
				CLANG_WARN_EMPTY_BODY = YES;
				CLANG_WARN_ENUM_CONVERSION = YES;
				CLANG_WARN_INFINITE_RECURSION = YES;
				CLANG_WARN_INT_CONVERSION = YES;
				CLANG_WARN_NON_LITERAL_NULL_CONVERSION = YES;
				CLANG_WARN_OBJC_IMPLICIT_RETAIN_SELF = YES;
				CLANG_WARN_OBJC_LITERAL_CONVERSION = YES;
				CLANG_WARN_OBJC_ROOT_CLASS = YES_ERROR;
				CLANG_WARN_RANGE_LOOP_ANALYSIS = YES;
				CLANG_WARN_STRICT_PROTOTYPES = YES;
				CLANG_WARN_SUSPICIOUS_MOVE = YES;
				CLANG_WARN_UNGUARDED_AVAILABILITY = YES_AGGRESSIVE;
				CLANG_WARN_UNREACHABLE_CODE = YES;
				CLANG_WARN__DUPLICATE_METHOD_MATCH = YES;
				CODE_SIGN_IDENTITY = "iPhone Developer";
				COPY_PHASE_STRIP = NO;
				DEBUG_INFORMATION_FORMAT = dwarf;
				ENABLE_STRICT_OBJC_MSGSEND = YES;
				ENABLE_TESTABILITY = YES;
				GCC_C_LANGUAGE_STANDARD = gnu11;
				GCC_DYNAMIC_NO_PIC = NO;
				GCC_NO_COMMON_BLOCKS = YES;
				GCC_OPTIMIZATION_LEVEL = 0;
				GCC_PREPROCESSOR_DEFINITIONS = (
					"DEBUG=1",
					"$(inherited)",
				);
				GCC_WARN_64_TO_32_BIT_CONVERSION = YES;
				GCC_WARN_ABOUT_RETURN_TYPE = YES_ERROR;
				GCC_WARN_UNDECLARED_SELECTOR = YES;
				GCC_WARN_UNINITIALIZED_AUTOS = YES_AGGRESSIVE;
				GCC_WARN_UNUSED_FUNCTION = YES;
				GCC_WARN_UNUSED_VARIABLE = YES;
				IPHONEOS_DEPLOYMENT_TARGET = 11.4;
				MTL_ENABLE_DEBUG_INFO = YES;
				ONLY_ACTIVE_ARCH = YES;
				SDKROOT = iphoneos;
				SWIFT_ACTIVE_COMPILATION_CONDITIONS = DEBUG;
				SWIFT_OPTIMIZATION_LEVEL = "-Onone";
			};
			name = Debug;
		};
		4FEC680C2219CB980040684F /* Release */ = {
			isa = XCBuildConfiguration;
			buildSettings = {
				ALWAYS_SEARCH_USER_PATHS = NO;
				CLANG_ANALYZER_NONNULL = YES;
				CLANG_ANALYZER_NUMBER_OBJECT_CONVERSION = YES_AGGRESSIVE;
				CLANG_CXX_LANGUAGE_STANDARD = "gnu++14";
				CLANG_CXX_LIBRARY = "libc++";
				CLANG_ENABLE_MODULES = YES;
				CLANG_ENABLE_OBJC_ARC = YES;
				CLANG_ENABLE_OBJC_WEAK = YES;
				CLANG_WARN_BLOCK_CAPTURE_AUTORELEASING = YES;
				CLANG_WARN_BOOL_CONVERSION = YES;
				CLANG_WARN_COMMA = YES;
				CLANG_WARN_CONSTANT_CONVERSION = YES;
				CLANG_WARN_DEPRECATED_OBJC_IMPLEMENTATIONS = YES;
				CLANG_WARN_DIRECT_OBJC_ISA_USAGE = YES_ERROR;
				CLANG_WARN_DOCUMENTATION_COMMENTS = YES;
				CLANG_WARN_EMPTY_BODY = YES;
				CLANG_WARN_ENUM_CONVERSION = YES;
				CLANG_WARN_INFINITE_RECURSION = YES;
				CLANG_WARN_INT_CONVERSION = YES;
				CLANG_WARN_NON_LITERAL_NULL_CONVERSION = YES;
				CLANG_WARN_OBJC_IMPLICIT_RETAIN_SELF = YES;
				CLANG_WARN_OBJC_LITERAL_CONVERSION = YES;
				CLANG_WARN_OBJC_ROOT_CLASS = YES_ERROR;
				CLANG_WARN_RANGE_LOOP_ANALYSIS = YES;
				CLANG_WARN_STRICT_PROTOTYPES = YES;
				CLANG_WARN_SUSPICIOUS_MOVE = YES;
				CLANG_WARN_UNGUARDED_AVAILABILITY = YES_AGGRESSIVE;
				CLANG_WARN_UNREACHABLE_CODE = YES;
				CLANG_WARN__DUPLICATE_METHOD_MATCH = YES;
				CODE_SIGN_IDENTITY = "iPhone Developer";
				COPY_PHASE_STRIP = NO;
				DEBUG_INFORMATION_FORMAT = "dwarf-with-dsym";
				ENABLE_NS_ASSERTIONS = NO;
				ENABLE_STRICT_OBJC_MSGSEND = YES;
				GCC_C_LANGUAGE_STANDARD = gnu11;
				GCC_NO_COMMON_BLOCKS = YES;
				GCC_WARN_64_TO_32_BIT_CONVERSION = YES;
				GCC_WARN_ABOUT_RETURN_TYPE = YES_ERROR;
				GCC_WARN_UNDECLARED_SELECTOR = YES;
				GCC_WARN_UNINITIALIZED_AUTOS = YES_AGGRESSIVE;
				GCC_WARN_UNUSED_FUNCTION = YES;
				GCC_WARN_UNUSED_VARIABLE = YES;
				IPHONEOS_DEPLOYMENT_TARGET = 11.4;
				MTL_ENABLE_DEBUG_INFO = NO;
				SDKROOT = iphoneos;
				SWIFT_COMPILATION_MODE = wholemodule;
				SWIFT_OPTIMIZATION_LEVEL = "-O";
				VALIDATE_PRODUCT = YES;
			};
			name = Release;
		};
		4FEC680E2219CB980040684F /* Debug */ = {
			isa = XCBuildConfiguration;
			buildSettings = {
				ASSETCATALOG_COMPILER_APPICON_NAME = AppIcon;
				CODE_SIGN_STYLE = Automatic;
				DEVELOPMENT_TEAM = 8JVHWM5YBG;
				INFOPLIST_FILE = MovieNight/Info.plist;
				LD_RUNPATH_SEARCH_PATHS = (
					"$(inherited)",
					"@executable_path/Frameworks",
				);
				PRODUCT_BUNDLE_IDENTIFIER = com.akshayverma.MovieNight;
				PRODUCT_NAME = "$(TARGET_NAME)";
				SWIFT_VERSION = 4.0;
				TARGETED_DEVICE_FAMILY = "1,2";
			};
			name = Debug;
		};
		4FEC680F2219CB980040684F /* Release */ = {
			isa = XCBuildConfiguration;
			buildSettings = {
				ASSETCATALOG_COMPILER_APPICON_NAME = AppIcon;
				CODE_SIGN_STYLE = Automatic;
				DEVELOPMENT_TEAM = 8JVHWM5YBG;
				INFOPLIST_FILE = MovieNight/Info.plist;
				LD_RUNPATH_SEARCH_PATHS = (
					"$(inherited)",
					"@executable_path/Frameworks",
				);
				PRODUCT_BUNDLE_IDENTIFIER = com.akshayverma.MovieNight;
				PRODUCT_NAME = "$(TARGET_NAME)";
				SWIFT_VERSION = 4.0;
				TARGETED_DEVICE_FAMILY = "1,2";
			};
			name = Release;
		};
/* End XCBuildConfiguration section */

/* Begin XCConfigurationList section */
		4FEC67F62219CB950040684F /* Build configuration list for PBXProject "MovieNight" */ = {
			isa = XCConfigurationList;
			buildConfigurations = (
				4FEC680B2219CB980040684F /* Debug */,
				4FEC680C2219CB980040684F /* Release */,
			);
			defaultConfigurationIsVisible = 0;
			defaultConfigurationName = Release;
		};
		4FEC680D2219CB980040684F /* Build configuration list for PBXNativeTarget "MovieNight" */ = {
			isa = XCConfigurationList;
			buildConfigurations = (
				4FEC680E2219CB980040684F /* Debug */,
				4FEC680F2219CB980040684F /* Release */,
			);
			defaultConfigurationIsVisible = 0;
			defaultConfigurationName = Release;
		};
/* End XCConfigurationList section */
	};
	rootObject = 4FEC67F32219CB950040684F /* Project object */;
}
